
Microsoft Visual Studio Solution File, Format Version 12.00
# Visual Studio Version 16
VisualStudioVersion = 16.0.31702.278
MinimumVisualStudioVersion = 10.0.40219.1
Project("{9A19103F-16F7-4668-BE54-9A1E7A4F7556}") = "TeachMeSkills.Zikunov.Homework1", "src\TeachMeSkills.Zikunov.Homework1\TeachMeSkills.Zikunov.Homework1.csproj", "{8F695FFC-0405-4862-AE28-E2D5511DD5ED}"
Project("{9A19103F-16F7-4668-BE54-9A1E7A4F7556}") = "TeachMeSkills.Zikunov.Homework4", "src\TeachMeSkills.Zikunov.Homework4\TeachMeSkills.Zikunov.Homework4.csproj", "{8AC2F1C2-8DB1-408D-BB2B-53AEC50AB867}"
Project("{FAE04EC0-301F-11D3-BF4B-00C04F79EFBC}") = "TeachMeSkills.Zikunov.Homework5", "src\TeachMeSkills.Zikunov.Homework5\TeachMeSkills.Zikunov.Homework5.csproj", "{E940FD6D-C13F-4318-8969-817FC0395BA0}"
Project("{FAE04EC0-301F-11D3-BF4B-00C04F79EFBC}") = "TeachMeSkills.Zikunov.Homework4", "src\TeachMeSkills.Zikunov.Homework4\TeachMeSkills.Zikunov.Homework4.csproj", "{8AC2F1C2-8DB1-408D-BB2B-53AEC50AB867}"
Project("{FAE04EC0-301F-11D3-BF4B-00C04F79EFBC}") = "TeachMeSkills.Zikunov.Homework3", "TeachMeSkills.Zikunov.Homework3\TeachMeSkills.Zikunov.Homework3.csproj", "{096FC0A9-DAE6-42DA-B66B-7243A4F4B68B}"
Project("{FAE04EC0-301F-11D3-BF4B-00C04F79EFBC}") = "TeachMeSkills.Zikunov.Homework6", "src\TeachMeSkills.Zikunov.Homework6\TeachMeSkills.Zikunov.Homework6.csproj", "{FD5A0923-C8B1-4C18-BEA2-0968622AFF29}"
EndProject
Global
	GlobalSection(SolutionConfigurationPlatforms) = preSolution
		Debug|Any CPU = Debug|Any CPU
		Release|Any CPU = Release|Any CPU
	EndGlobalSection
	GlobalSection(ProjectConfigurationPlatforms) = postSolution
		{8F695FFC-0405-4862-AE28-E2D5511DD5ED}.Debug|Any CPU.ActiveCfg = Debug|Any CPU
		{8F695FFC-0405-4862-AE28-E2D5511DD5ED}.Debug|Any CPU.Build.0 = Debug|Any CPU
		{8F695FFC-0405-4862-AE28-E2D5511DD5ED}.Release|Any CPU.ActiveCfg = Release|Any CPU
		{8F695FFC-0405-4862-AE28-E2D5511DD5ED}.Release|Any CPU.Build.0 = Release|Any CPU
		{E940FD6D-C13F-4318-8969-817FC0395BA0}.Debug|Any CPU.ActiveCfg = Debug|Any CPU
		{E940FD6D-C13F-4318-8969-817FC0395BA0}.Debug|Any CPU.Build.0 = Debug|Any CPU
		{E940FD6D-C13F-4318-8969-817FC0395BA0}.Release|Any CPU.ActiveCfg = Release|Any CPU
		{E940FD6D-C13F-4318-8969-817FC0395BA0}.Release|Any CPU.Build.0 = Release|Any CPU
		{8AC2F1C2-8DB1-408D-BB2B-53AEC50AB867}.Debug|Any CPU.ActiveCfg = Debug|Any CPU
		{8AC2F1C2-8DB1-408D-BB2B-53AEC50AB867}.Debug|Any CPU.Build.0 = Debug|Any CPU
		{8AC2F1C2-8DB1-408D-BB2B-53AEC50AB867}.Release|Any CPU.ActiveCfg = Release|Any CPU
		{8AC2F1C2-8DB1-408D-BB2B-53AEC50AB867}.Release|Any CPU.Build.0 = Release|Any CPU
		{096FC0A9-DAE6-42DA-B66B-7243A4F4B68B}.Debug|Any CPU.ActiveCfg = Debug|Any CPU
		{096FC0A9-DAE6-42DA-B66B-7243A4F4B68B}.Debug|Any CPU.Build.0 = Debug|Any CPU
		{096FC0A9-DAE6-42DA-B66B-7243A4F4B68B}.Release|Any CPU.ActiveCfg = Release|Any CPU
		{096FC0A9-DAE6-42DA-B66B-7243A4F4B68B}.Release|Any CPU.Build.0 = Release|Any CPU
		{FD5A0923-C8B1-4C18-BEA2-0968622AFF29}.Debug|Any CPU.ActiveCfg = Debug|Any CPU
		{FD5A0923-C8B1-4C18-BEA2-0968622AFF29}.Debug|Any CPU.Build.0 = Debug|Any CPU
		{FD5A0923-C8B1-4C18-BEA2-0968622AFF29}.Release|Any CPU.ActiveCfg = Release|Any CPU
		{FD5A0923-C8B1-4C18-BEA2-0968622AFF29}.Release|Any CPU.Build.0 = Release|Any CPU
	EndGlobalSection
	GlobalSection(SolutionProperties) = preSolution
		HideSolutionNode = FALSE
	EndGlobalSection
	GlobalSection(ExtensibilityGlobals) = postSolution
		SolutionGuid = {B7925D46-DAA9-4EEB-91BE-5F2240FBE38F}
	EndGlobalSection
EndGlobal
